{
  "name": "cardo",
  "version": "1.12.0",
  "lockfileVersion": 1,
  "requires": true,
  "dependencies": {
    "npm": {
      "version": "11.11.0",
      "resolved": "https://registry.npmjs.org/npm/-/npm-11.11.0.tgz",
      "integrity": "sha512-82gRxKrh/eY5UnNorkTFcdBQAGpgjWehkfGVqAGlJjejEtJZGGJUqjo3mbBTNbc5BTnPKGVtGPBZGhElujX5cw==",
      "requires": {
        "@isaacs/string-locale-compare": "1.1.0",
        "@npmcli/arborist": "9.4.0",
        "@npmcli/config": "10.7.1",
        "@npmcli/fs": "5.0.0",
        "@npmcli/map-workspaces": "5.0.3",
        "@npmcli/metavuln-calculator": "9.0.3",
        "@npmcli/package-json": "7.0.5",
        "@npmcli/promise-spawn": "9.0.1",
        "@npmcli/redact": "4.0.0",
        "@npmcli/run-script": "10.0.3",
        "@sigstore/tuf": "4.0.1",
        "abbrev": "4.0.0",
        "archy": "1.0.0",
        "cacache": "20.0.3",
        "chalk": "5.6.2",
        "ci-info": "4.4.0",
        "fastest-levenshtein": "1.0.16",
        "fs-minipass": "3.0.3",
        "glob": "13.0.6",
        "graceful-fs": "4.2.11",
        "hosted-git-info": "9.0.2",
        "ini": "6.0.0",
        "init-package-json": "8.2.5",
        "is-cidr": "6.0.3",
        "json-parse-even-better-errors": "5.0.0",
        "libnpmaccess": "10.0.3",
        "libnpmdiff": "8.1.3",
        "libnpmexec": "10.2.3",
        "libnpmfund": "7.0.17",
        "libnpmorg": "8.0.1",
        "libnpmpack": "9.1.3",
        "libnpmpublish": "11.1.3",
        "libnpmsearch": "9.0.1",
        "libnpmteam": "8.0.2",
        "libnpmversion": "8.0.3",
        "make-fetch-happen": "15.0.4",
        "minimatch": "10.2.2",
        "minipass": "7.1.3",
        "minipass-pipeline": "1.2.4",
        "ms": "2.1.3",
        "node-gyp": "12.2.0",
        "nopt": "9.0.0",
        "npm-audit-report": "7.0.0",
        "npm-install-checks": "8.0.0",
        "npm-package-arg": "13.0.2",
        "npm-pick-manifest": "11.0.3",
        "npm-profile": "12.0.1",
        "npm-registry-fetch": "19.1.1",
        "npm-user-validate": "4.0.0",
        "p-map": "7.0.4",
        "pacote": "21.4.0",
        "parse-conflict-json": "5.0.1",
        "proc-log": "6.1.0",
        "qrcode-terminal": "0.12.0",
        "read": "5.0.1",
        "semver": "7.7.4",
        "spdx-expression-parse": "4.0.0",
        "ssri": "13.0.1",
        "supports-color": "10.2.2",
        "tar": "7.5.9",
        "text-table": "0.2.0",
        "tiny-relative-date": "2.0.2",
        "treeverse": "3.0.0",
        "validate-npm-package-name": "7.0.2",
        "which": "6.0.1"
      },
      "dependencies": {
        "@gar/promise-retry": {
          "version": "1.0.2",
          "bundled": true,
          "requires": {
            "retry": "0.13.1"
          },
          "dependencies": {
            "retry": {
              "version": "0.13.1",
              "bundled": true
            }
          }
        },
        "@isaacs/fs-minipass": {
          "version": "4.0.1",
          "bundled": true,
          "requires": {
            "minipass": "7.1.3"
          }
        },
        "@isaacs/string-locale-compare": {
          "version": "1.1.0",
          "bundled": true
        },
        "@npmcli/agent": {
          "version": "4.0.0",
          "bundled": true,
          "requires": {
            "agent-base": "7.1.4",
            "http-proxy-agent": "7.0.2",
            "https-proxy-agent": "7.0.6",
            "lru-cache": "11.2.6",
            "socks-proxy-agent": "8.0.5"
          }
        },
        "@npmcli/arborist": {
          "version": "9.4.0",
          "bundled": true,
          "requires": {
            "@isaacs/string-locale-compare": "1.1.0",
            "@npmcli/fs": "5.0.0",
            "@npmcli/installed-package-contents": "4.0.0",
            "@npmcli/map-workspaces": "5.0.3",
            "@npmcli/metavuln-calculator": "9.0.3",
            "@npmcli/name-from-folder": "4.0.0",
            "@npmcli/node-gyp": "5.0.0",
            "@npmcli/package-json": "7.0.5",
            "@npmcli/query": "5.0.0",
            "@npmcli/redact": "4.0.0",
            "@npmcli/run-script": "10.0.3",
            "bin-links": "6.0.0",
            "cacache": "20.0.3",
            "common-ancestor-path": "2.0.0",
            "hosted-git-info": "9.0.2",
            "json-stringify-nice": "1.1.4",
            "lru-cache": "11.2.6",
            "minimatch": "10.2.2",
            "nopt": "9.0.0",
            "npm-install-checks": "8.0.0",
            "npm-package-arg": "13.0.2",
            "npm-pick-manifest": "11.0.3",
            "npm-registry-fetch": "19.1.1",
            "pacote": "21.4.0",
            "parse-conflict-json": "5.0.1",
            "proc-log": "6.1.0",
            "proggy": "4.0.0",
            "promise-all-reject-late": "1.0.1",
            "promise-call-limit": "3.0.2",
            "semver": "7.7.4",
            "ssri": "13.0.1",
            "treeverse": "3.0.0",
            "walk-up-path": "4.0.0"
          }
        },
        "@npmcli/config": {
          "version": "10.7.1",
          "bundled": true,
          "requires": {
            "@npmcli/map-workspaces": "5.0.3",
            "@npmcli/package-json": "7.0.5",
            "ci-info": "4.4.0",
            "ini": "6.0.0",
            "nopt": "9.0.0",
            "proc-log": "6.1.0",
            "semver": "7.7.4",
            "walk-up-path": "4.0.0"
          }
        },
        "@npmcli/fs": {
          "version": "5.0.0",
          "bundled": true,
          "requires": {
            "semver": "7.7.4"
          }
        },
        "@npmcli/git": {
          "version": "7.0.2",
          "bundled": true,
          "requires": {
            "@gar/promise-retry": "1.0.2",
            "@npmcli/promise-spawn": "9.0.1",
            "ini": "6.0.0",
            "lru-cache": "11.2.6",
            "npm-pick-manifest": "11.0.3",
            "proc-log": "6.1.0",
            "semver": "7.7.4",
            "which": "6.0.1"
          }
        },
        "@npmcli/installed-package-contents": {
          "version": "4.0.0",
          "bundled": true,
          "requires": {
            "npm-bundled": "5.0.0",
            "npm-normalize-package-bin": "5.0.0"
          }
        },
        "@npmcli/map-workspaces": {
          "version": "5.0.3",
          "bundled": true,
          "requires": {
            "@npmcli/name-from-folder": "4.0.0",
            "@npmcli/package-json": "7.0.5",
            "glob": "13.0.6",
            "minimatch": "10.2.2"
          }
        },
        "@npmcli/metavuln-calculator": {
          "version": "9.0.3",
          "bundled": true,
          "requires": {
            "cacache": "20.0.3",
            "json-parse-even-better-errors": "5.0.0",
            "pacote": "21.4.0",
            "proc-log": "6.1.0",
            "semver": "7.7.4"
          }
        },
        "@npmcli/name-from-folder": {
          "version": "4.0.0",
          "bundled": true
        },
        "@npmcli/node-gyp": {
          "version": "5.0.0",
          "bundled": true
        },
        "@npmcli/package-json": {
          "version": "7.0.5",
          "bundled": true,
          "requires": {
            "@npmcli/git": "7.0.2",
            "glob": "13.0.6",
            "hosted-git-info": "9.0.2",
            "json-parse-even-better-errors": "5.0.0",
            "proc-log": "6.1.0",
            "semver": "7.7.4",
            "spdx-expression-parse": "4.0.0"
          }
        },
        "@npmcli/promise-spawn": {
          "version": "9.0.1",
          "bundled": true,
          "requires": {
            "which": "6.0.1"
          }
        },
        "@npmcli/query": {
          "version": "5.0.0",
          "bundled": true,
          "requires": {
            "postcss-selector-parser": "7.1.1"
          }
        },
        "@npmcli/redact": {
          "version": "4.0.0",
          "bundled": true
        },
        "@npmcli/run-script": {
          "version": "10.0.3",
          "bundled": true,
          "requires": {
            "@npmcli/node-gyp": "5.0.0",
            "@npmcli/package-json": "7.0.5",
            "@npmcli/promise-spawn": "9.0.1",
            "node-gyp": "12.2.0",
            "proc-log": "6.1.0",
            "which": "6.0.1"
          }
        },
        "@sigstore/bundle": {
          "version": "4.0.0",
          "bundled": true,
          "requires": {
            "@sigstore/protobuf-specs": "0.5.0"
          }
        },
        "@sigstore/core": {
          "version": "3.1.0",
          "bundled": true
        },
        "@sigstore/protobuf-specs": {
          "version": "0.5.0",
          "bundled": true
        },
        "@sigstore/sign": {
          "version": "4.1.0",
          "bundled": true,
          "requires": {
            "@sigstore/bundle": "4.0.0",
            "@sigstore/core": "3.1.0",
            "@sigstore/protobuf-specs": "0.5.0",
            "make-fetch-happen": "15.0.4",
            "proc-log": "6.1.0",
            "promise-retry": "2.0.1"
          }
        },
        "@sigstore/tuf": {
          "version": "4.0.1",
          "bundled": true,
          "requires": {
            "@sigstore/protobuf-specs": "0.5.0",
            "tuf-js": "4.1.0"
          }
        },
        "@sigstore/verify": {
          "version": "3.1.0",
          "bundled": true,
          "requires": {
            "@sigstore/bundle": "4.0.0",
            "@sigstore/core": "3.1.0",
            "@sigstore/protobuf-specs": "0.5.0"
          }
        },
        "@tufjs/canonical-json": {
          "version": "2.0.0",
          "bundled": true
        },
        "@tufjs/models": {
          "version": "4.1.0",
          "bundled": true,
          "requires": {
            "@tufjs/canonical-json": "2.0.0",
            "minimatch": "10.2.2"
          }
        },
        "abbrev": {
          "version": "4.0.0",
          "bundled": true
        },
        "agent-base": {
          "version": "7.1.4",
          "bundled": true
        },
        "aproba": {
          "version": "2.1.0",
          "bundled": true
        },
        "archy": {
          "version": "1.0.0",
          "bundled": true
        },
        "balanced-match": {
          "version": "4.0.4",
          "bundled": true
        },
        "bin-links": {
          "version": "6.0.0",
          "bundled": true,
          "requires": {
            "cmd-shim": "8.0.0",
            "npm-normalize-package-bin": "5.0.0",
            "proc-log": "6.1.0",
            "read-cmd-shim": "6.0.0",
            "write-file-atomic": "7.0.0"
          }
        },
        "binary-extensions": {
          "version": "3.1.0",
          "bundled": true
        },
        "brace-expansion": {
          "version": "5.0.3",
          "bundled": true,
          "requires": {
            "balanced-match": "4.0.4"
          }
        },
        "cacache": {
          "version": "20.0.3",
          "bundled": true,
          "requires": {
            "@npmcli/fs": "5.0.0",
            "fs-minipass": "3.0.3",
            "glob": "13.0.6",
            "lru-cache": "11.2.6",
            "minipass": "7.1.3",
            "minipass-collect": "2.0.1",
            "minipass-flush": "1.0.5",
            "minipass-pipeline": "1.2.4",
            "p-map": "7.0.4",
            "ssri": "13.0.1",
            "unique-filename": "5.0.0"
          }
        },
        "chalk": {
          "version": "5.6.2",
          "bundled": true
        },
        "chownr": {
          "version": "3.0.0",
          "bundled": true
        },
        "ci-info": {
          "version": "4.4.0",
          "bundled": true
        },
        "cidr-regex": {
          "version": "5.0.3",
          "bundled": true
        },
        "cmd-shim": {
          "version": "8.0.0",
          "bundled": true
        },
        "common-ancestor-path": {
          "version": "2.0.0",
          "bundled": true
        },
        "cssesc": {
          "version": "3.0.0",
          "bundled": true
        },
        "debug": {
          "version": "4.4.3",
          "bundled": true,
          "requires": {
            "ms": "2.1.3"
          }
        },
        "diff": {
          "version": "8.0.3",
          "bundled": true
        },
        "env-paths": {
          "version": "2.2.1",
          "bundled": true
        },
        "err-code": {
          "version": "2.0.3",
          "bundled": true
        },
        "exponential-backoff": {
          "version": "3.1.3",
          "bundled": true
        },
        "fastest-levenshtein": {
          "version": "1.0.16",
          "bundled": true
        },
        "fs-minipass": {
          "version": "3.0.3",
          "bundled": true,
          "requires": {
            "minipass": "7.1.3"
          }
        },
        "glob": {
          "version": "13.0.6",
          "bundled": true,
          "requires": {
            "minimatch": "10.2.2",
            "minipass": "7.1.3",
            "path-scurry": "2.0.2"
          }
        },
        "graceful-fs": {
          "version": "4.2.11",
          "bundled": true
        },
        "hosted-git-info": {
          "version": "9.0.2",
          "bundled": true,
          "requires": {
            "lru-cache": "11.2.6"
          }
        },
        "http-cache-semantics": {
          "version": "4.2.0",
          "bundled": true
        },
        "http-proxy-agent": {
          "version": "7.0.2",
          "bundled": true,
          "requires": {
            "agent-base": "7.1.4",
            "debug": "4.4.3"
          }
        },
        "https-proxy-agent": {
          "version": "7.0.6",
          "bundled": true,
          "requires": {
            "agent-base": "7.1.4",
            "debug": "4.4.3"
          }
        },
        "iconv-lite": {
          "version": "0.7.2",
          "bundled": true,
          "optional": true,
          "requires": {
            "safer-buffer": "2.1.2"
          }
        },
        "ignore-walk": {
          "version": "8.0.0",
          "bundled": true,
          "requires": {
            "minimatch": "10.2.2"
          }
        },
        "imurmurhash": {
          "version": "0.1.4",
          "bundled": true
        },
        "ini": {
          "version": "6.0.0",
          "bundled": true
        },
        "init-package-json": {
          "version": "8.2.5",
          "bundled": true,
          "requires": {
            "@npmcli/package-json": "7.0.5",
            "npm-package-arg": "13.0.2",
            "promzard": "3.0.1",
            "read": "5.0.1",
            "semver": "7.7.4",
            "validate-npm-package-name": "7.0.2"
          }
        },
        "ip-address": {
          "version": "10.1.0",
          "bundled": true
        },
        "is-cidr": {
          "version": "6.0.3",
          "bundled": true,
          "requires": {
            "cidr-regex": "5.0.3"
          }
        },
        "isexe": {
          "version": "4.0.0",
          "bundled": true
        },
        "json-parse-even-better-errors": {
          "version": "5.0.0",
          "bundled": true
        },
        "json-stringify-nice": {
          "version": "1.1.4",
          "bundled": true
        },
        "jsonparse": {
          "version": "1.3.1",
          "bundled": true
        },
        "just-diff": {
          "version": "6.0.2",
          "bundled": true
        },
        "just-diff-apply": {
          "version": "5.5.0",
          "bundled": true
        },
        "libnpmaccess": {
          "version": "10.0.3",
          "bundled": true,
          "requires": {
            "npm-package-arg": "13.0.2",
            "npm-registry-fetch": "19.1.1"
          }
        },
        "libnpmdiff": {
          "version": "8.1.3",
          "bundled": true,
          "requires": {
            "@npmcli/arborist": "9.4.0",
            "@npmcli/installed-package-contents": "4.0.0",
            "binary-extensions": "3.1.0",
            "diff": "8.0.3",
            "minimatch": "10.2.2",
            "npm-package-arg": "13.0.2",
            "pacote": "21.4.0",
            "tar": "7.5.9"
          }
        },
        "libnpmexec": {
          "version": "10.2.3",
          "bundled": true,
          "requires": {
            "@gar/promise-retry": "1.0.2",
            "@npmcli/arborist": "9.4.0",
            "@npmcli/package-json": "7.0.5",
            "@npmcli/run-script": "10.0.3",
            "ci-info": "4.4.0",
            "npm-package-arg": "13.0.2",
            "pacote": "21.4.0",
            "proc-log": "6.1.0",
            "read": "5.0.1",
            "semver": "7.7.4",
            "signal-exit": "4.1.0",
            "walk-up-path": "4.0.0"
          }
        },
        "libnpmfund": {
          "version": "7.0.17",
          "bundled": true,
          "requires": {
            "@npmcli/arborist": "9.4.0"
          }
        },
        "libnpmorg": {
          "version": "8.0.1",
          "bundled": true,
          "requires": {
            "aproba": "2.1.0",
            "npm-registry-fetch": "19.1.1"
          }
        },
        "libnpmpack": {
          "version": "9.1.3",
          "bundled": true,
          "requires": {
            "@npmcli/arborist": "9.4.0",
            "@npmcli/run-script": "10.0.3",
            "npm-package-arg": "13.0.2",
            "pacote": "21.4.0"
          }
        },
        "libnpmpublish": {
          "version": "11.1.3",
          "bundled": true,
          "requires": {
            "@npmcli/package-json": "7.0.5",
            "ci-info": "4.4.0",
            "npm-package-arg": "13.0.2",
            "npm-registry-fetch": "19.1.1",
            "proc-log": "6.1.0",
            "semver": "7.7.4",
            "sigstore": "4.1.0",
            "ssri": "13.0.1"
          }
        },
        "libnpmsearch": {
          "version": "9.0.1",
          "bundled": true,
          "requires": {
            "npm-registry-fetch": "19.1.1"
          }
        },
        "libnpmteam": {
          "version": "8.0.2",
          "bundled": true,
          "requires": {
            "aproba": "2.1.0",
            "npm-registry-fetch": "19.1.1"
          }
        },
        "libnpmversion": {
          "version": "8.0.3",
          "bundled": true,
          "requires": {
            "@npmcli/git": "7.0.2",
            "@npmcli/run-script": "10.0.3",
            "json-parse-even-better-errors": "5.0.0",
            "proc-log": "6.1.0",
            "semver": "7.7.4"
          }
        },
        "lru-cache": {
          "version": "11.2.6",
          "bundled": true
        },
        "make-fetch-happen": {
          "version": "15.0.4",
          "bundled": true,
          "requires": {
            "@gar/promise-retry": "1.0.2",
            "@npmcli/agent": "4.0.0",
            "cacache": "20.0.3",
            "http-cache-semantics": "4.2.0",
            "minipass": "7.1.3",
            "minipass-fetch": "5.0.2",
            "minipass-flush": "1.0.5",
            "minipass-pipeline": "1.2.4",
            "negotiator": "1.0.0",
            "proc-log": "6.1.0",
            "ssri": "13.0.1"
          }
        },
        "minimatch": {
          "version": "10.2.2",
          "bundled": true,
          "requires": {
            "brace-expansion": "5.0.3"
          }
        },
        "minipass": {
          "version": "7.1.3",
          "bundled": true
        },
        "minipass-collect": {
          "version": "2.0.1",
          "bundled": true,
          "requires": {
            "minipass": "7.1.3"
          }
        },
        "minipass-fetch": {
          "version": "5.0.2",
          "bundled": true,
          "requires": {
            "iconv-lite": "0.7.2",
            "minipass": "7.1.3",
            "minipass-sized": "2.0.0",
            "minizlib": "3.1.0"
          }
        },
        "minipass-flush": {
          "version": "1.0.5",
          "bundled": true,
          "requires": {
            "minipass": "3.3.6"
          },
          "dependencies": {
            "minipass": {
              "version": "3.3.6",
              "bundled": true,
              "requires": {
                "yallist": "4.0.0"
              }
            },
            "yallist": {
              "version": "4.0.0",
              "bundled": true
            }
          }
        },
        "minipass-pipeline": {
          "version": "1.2.4",
          "bundled": true,
          "requires": {
            "minipass": "3.3.6"
          },
          "dependencies": {
            "minipass": {
              "version": "3.3.6",
              "bundled": true,
              "requires": {
                "yallist": "4.0.0"
              }
            },
            "yallist": {
              "version": "4.0.0",
              "bundled": true
            }
          }
        },
        "minipass-sized": {
          "version": "2.0.0",
          "bundled": true,
          "requires": {
            "minipass": "7.1.3"
          }
        },
        "minizlib": {
          "version": "3.1.0",
          "bundled": true,
          "requires": {
            "minipass": "7.1.3"
          }
        },
        "ms": {
          "version": "2.1.3",
          "bundled": true
        },
        "mute-stream": {
          "version": "3.0.0",
          "bundled": true
        },
        "negotiator": {
          "version": "1.0.0",
          "bundled": true
        },
        "node-gyp": {
          "version": "12.2.0",
          "bundled": true,
          "requires": {
            "env-paths": "2.2.1",
            "exponential-backoff": "3.1.3",
            "graceful-fs": "4.2.11",
            "make-fetch-happen": "15.0.4",
            "nopt": "9.0.0",
            "proc-log": "6.1.0",
            "semver": "7.7.4",
            "tar": "7.5.9",
            "tinyglobby": "0.2.15",
            "which": "6.0.1"
          }
        },
        "nopt": {
          "version": "9.0.0",
          "bundled": true,
          "requires": {
            "abbrev": "4.0.0"
          }
        },
        "npm-audit-report": {
          "version": "7.0.0",
          "bundled": true
        },
        "npm-bundled": {
          "version": "5.0.0",
          "bundled": true,
          "requires": {
            "npm-normalize-package-bin": "5.0.0"
          }
        },
        "npm-install-checks": {
          "version": "8.0.0",
          "bundled": true,
          "requires": {
            "semver": "7.7.4"
          }
        },
        "npm-normalize-package-bin": {
          "version": "5.0.0",
          "bundled": true
        },
        "npm-package-arg": {
          "version": "13.0.2",
          "bundled": true,
          "requires": {
            "hosted-git-info": "9.0.2",
            "proc-log": "6.1.0",
            "semver": "7.7.4",
            "validate-npm-package-name": "7.0.2"
          }
        },
        "npm-packlist": {
          "version": "10.0.4",
          "bundled": true,
          "requires": {
            "ignore-walk": "8.0.0",
            "proc-log": "6.1.0"
          }
        },
        "npm-pick-manifest": {
          "version": "11.0.3",
          "bundled": true,
          "requires": {
            "npm-install-checks": "8.0.0",
            "npm-normalize-package-bin": "5.0.0",
            "npm-package-arg": "13.0.2",
            "semver": "7.7.4"
          }
        },
        "npm-profile": {
          "version": "12.0.1",
          "bundled": true,
          "requires": {
            "npm-registry-fetch": "19.1.1",
            "proc-log": "6.1.0"
          }
        },
        "npm-registry-fetch": {
          "version": "19.1.1",
          "bundled": true,
          "requires": {
            "@npmcli/redact": "4.0.0",
            "jsonparse": "1.3.1",
            "make-fetch-happen": "15.0.4",
            "minipass": "7.1.3",
            "minipass-fetch": "5.0.2",
            "minizlib": "3.1.0",
            "npm-package-arg": "13.0.2",
            "proc-log": "6.1.0"
          }
        },
        "npm-user-validate": {
          "version": "4.0.0",
          "bundled": true
        },
        "p-map": {
          "version": "7.0.4",
          "bundled": true
        },
        "pacote": {
          "version": "21.4.0",
          "bundled": true,
          "requires": {
            "@gar/promise-retry": "1.0.2",
            "@npmcli/git": "7.0.2",
            "@npmcli/installed-package-contents": "4.0.0",
            "@npmcli/package-json": "7.0.5",
            "@npmcli/promise-spawn": "9.0.1",
            "@npmcli/run-script": "10.0.3",
            "cacache": "20.0.3",
            "fs-minipass": "3.0.3",
            "minipass": "7.1.3",
            "npm-package-arg": "13.0.2",
            "npm-packlist": "10.0.4",
            "npm-pick-manifest": "11.0.3",
            "npm-registry-fetch": "19.1.1",
            "proc-log": "6.1.0",
            "sigstore": "4.1.0",
            "ssri": "13.0.1",
            "tar": "7.5.9"
          }
        },
        "parse-conflict-json": {
          "version": "5.0.1",
          "bundled": true,
          "requires": {
            "json-parse-even-better-errors": "5.0.0",
            "just-diff": "6.0.2",
            "just-diff-apply": "5.5.0"
          }
        },
        "path-scurry": {
          "version": "2.0.2",
          "bundled": true,
          "requires": {
            "lru-cache": "11.2.6",
            "minipass": "7.1.3"
          }
        },
        "postcss-selector-parser": {
          "version": "7.1.1",
          "bundled": true,
          "requires": {
            "cssesc": "3.0.0",
            "util-deprecate": "1.0.2"
          }
        },
        "proc-log": {
          "version": "6.1.0",
          "bundled": true
        },
        "proggy": {
          "version": "4.0.0",
          "bundled": true
        },
        "promise-all-reject-late": {
          "version": "1.0.1",
          "bundled": true
        },
        "promise-call-limit": {
          "version": "3.0.2",
          "bundled": true
        },
        "promise-retry": {
          "version": "2.0.1",
          "bundled": true,
          "requires": {
            "err-code": "2.0.3",
            "retry": "0.12.0"
          }
        },
        "promzard": {
          "version": "3.0.1",
          "bundled": true,
          "requires": {
            "read": "5.0.1"
          }
        },
        "qrcode-terminal": {
          "version": "0.12.0",
          "bundled": true
        },
        "read": {
          "version": "5.0.1",
          "bundled": true,
          "requires": {
            "mute-stream": "3.0.0"
          }
        },
        "read-cmd-shim": {
          "version": "6.0.0",
          "bundled": true
        },
        "retry": {
          "version": "0.12.0",
          "bundled": true
        },
        "safer-buffer": {
          "version": "2.1.2",
          "bundled": true,
          "optional": true
        },
        "semver": {
          "version": "7.7.4",
          "bundled": true
        },
        "signal-exit": {
          "version": "4.1.0",
          "bundled": true
        },
        "sigstore": {
          "version": "4.1.0",
          "bundled": true,
          "requires": {
            "@sigstore/bundle": "4.0.0",
            "@sigstore/core": "3.1.0",
            "@sigstore/protobuf-specs": "0.5.0",
            "@sigstore/sign": "4.1.0",
            "@sigstore/tuf": "4.0.1",
            "@sigstore/verify": "3.1.0"
          }
        },
        "smart-buffer": {
          "version": "4.2.0",
          "bundled": true
        },
        "socks": {
          "version": "2.8.7",
          "bundled": true,
          "requires": {
            "ip-address": "10.1.0",
            "smart-buffer": "4.2.0"
          }
        },
        "socks-proxy-agent": {
          "version": "8.0.5",
          "bundled": true,
          "requires": {
            "agent-base": "7.1.4",
            "debug": "4.4.3",
            "socks": "2.8.7"
          }
        },
        "spdx-exceptions": {
          "version": "2.5.0",
          "bundled": true
        },
        "spdx-expression-parse": {
          "version": "4.0.0",
          "bundled": true,
          "requires": {
            "spdx-exceptions": "2.5.0",
            "spdx-license-ids": "3.0.23"
          }
        },
        "spdx-license-ids": {
          "version": "3.0.23",
          "bundled": true
        },
        "ssri": {
          "version": "13.0.1",
          "bundled": true,
          "requires": {
            "minipass": "7.1.3"
          }
        },
        "supports-color": {
          "version": "10.2.2",
          "bundled": true
        },
        "tar": {
          "version": "7.5.9",
          "bundled": true,
          "requires": {
            "@isaacs/fs-minipass": "4.0.1",
            "chownr": "3.0.0",
            "minipass": "7.1.3",
            "minizlib": "3.1.0",
            "yallist": "5.0.0"
          }
        },
        "text-table": {
          "version": "0.2.0",
          "bundled": true
        },
        "tiny-relative-date": {
          "version": "2.0.2",
          "bundled": true
        },
        "tinyglobby": {
          "version": "0.2.15",
          "bundled": true,
          "requires": {
            "fdir": "6.5.0",
            "picomatch": "4.0.3"
          },
          "dependencies": {
            "fdir": {
              "version": "6.5.0",
              "bundled": true
            },
            "picomatch": {
              "version": "4.0.3",
              "bundled": true
            }
          }
        },
        "treeverse": {
          "version": "3.0.0",
          "bundled": true
        },
        "tuf-js": {
          "version": "4.1.0",
          "bundled": true,
          "requires": {
            "@tufjs/models": "4.1.0",
            "debug": "4.4.3",
            "make-fetch-happen": "15.0.4"
          }
        },
        "unique-filename": {
          "version": "5.0.0",
          "bundled": true,
          "requires": {
            "unique-slug": "6.0.0"
          }
        },
        "unique-slug": {
          "version": "6.0.0",
          "bundled": true,
          "requires": {
            "imurmurhash": "0.1.4"
          }
        },
        "util-deprecate": {
          "version": "1.0.2",
          "bundled": true
        },
        "validate-npm-package-name": {
          "version": "7.0.2",
          "bundled": true
        },
        "walk-up-path": {
          "version": "4.0.0",
          "bundled": true
        },
        "which": {
          "version": "6.0.1",
          "bundled": true,
          "requires": {
            "isexe": "4.0.0"
          }
        },
        "write-file-atomic": {
          "version": "7.0.0",
          "bundled": true,
          "requires": {
            "imurmurhash": "0.1.4",
            "signal-exit": "4.1.0"
          }
        },
        "yallist": {
          "version": "5.0.0",
          "bundled": true
        }
      }
    }
  }
}
